# This file is automatically @generated by pesde.
# It is not intended for manual editing.
format = 2
name = "hugodzibetti/lattice"
version = "0.1.0"
target = "roblox"

[graph."itsfrank/frktest@0.0.2 lune"]
direct = ["frktest", { name = "itsfrank/frktest", version = "^0.0.2", index = "default", target = "lune" }, "dev"]

[graph."itsfrank/frktest@0.0.2 lune".pkg_ref]
ref_ty = "pesde"
index_url = "https://github.com/pesde-pkg/index"
